// !$*UTF8*$!
{
	archiveVersion = 1;
	classes = {
	};
	objectVersion = 60;
	objects = {

/* Begin PBXBuildFile section */
		232A75092C90574600B56B70 /* TaskItem.xcdatamodeld in Sources */ = {isa = PBXBuildFile; fileRef = 232A75072C90574600B56B70 /* TaskItem.xcdatamodeld */; };
		232A750B2C9057AE00B56B70 /* CoreDataManager.swift in Sources */ = {isa = PBXBuildFile; fileRef = 232A750A2C9057AE00B56B70 /* CoreDataManager.swift */; };
		232A750D2C90872E00B56B70 /* Model&DTO.swift in Sources */ = {isa = PBXBuildFile; fileRef = 232A750C2C90872E00B56B70 /* Model&DTO.swift */; };
		232A75102C9099F600B56B70 /* APIServices.swift in Sources */ = {isa = PBXBuildFile; fileRef = 232A750F2C9099F600B56B70 /* APIServices.swift */; };
		2363C4712C8C61DD006B1A42 /* MainViewModel.swift in Sources */ = {isa = PBXBuildFile; fileRef = 2363C4702C8C61DD006B1A42 /* MainViewModel.swift */; };
		239FE13C2C872C9F00021908 /* Todos_EffectiveMobileApp.swift in Sources */ = {isa = PBXBuildFile; fileRef = 239FE13B2C872C9F00021908 /* Todos_EffectiveMobileApp.swift */; };
		239FE13E2C872C9F00021908 /* MainView.swift in Sources */ = {isa = PBXBuildFile; fileRef = 239FE13D2C872C9F00021908 /* MainView.swift */; };
		239FE1402C872CA100021908 /* Assets.xcassets in Resources */ = {isa = PBXBuildFile; fileRef = 239FE13F2C872CA100021908 /* Assets.xcassets */; };
		239FE1432C872CA100021908 /* Preview Assets.xcassets in Resources */ = {isa = PBXBuildFile; fileRef = 239FE1422C872CA100021908 /* Preview Assets.xcassets */; };
		239FE14A2C8733AB00021908 /* TaskStore.swift in Sources */ = {isa = PBXBuildFile; fileRef = 239FE1492C8733AB00021908 /* TaskStore.swift */; };
		239FE14C2C8778C600021908 /* HeaderView.swift in Sources */ = {isa = PBXBuildFile; fileRef = 239FE14B2C8778C600021908 /* HeaderView.swift */; };
		239FE1502C884AD300021908 /* FilterTodoView.swift in Sources */ = {isa = PBXBuildFile; fileRef = 239FE14F2C884AD300021908 /* FilterTodoView.swift */; };
		239FE1522C8862DC00021908 /* TaskFormView.swift in Sources */ = {isa = PBXBuildFile; fileRef = 239FE1512C8862DC00021908 /* TaskFormView.swift */; };
		239FE1572C88B2BA00021908 /* EditTaskView.swift in Sources */ = {isa = PBXBuildFile; fileRef = 239FE1562C88B2BA00021908 /* EditTaskView.swift */; };
		239FE1592C88B3A600021908 /* CreateNewTaskView.swift in Sources */ = {isa = PBXBuildFile; fileRef = 239FE1582C88B3A600021908 /* CreateNewTaskView.swift */; };
		239FE15D2C88B48800021908 /* TaskView.swift in Sources */ = {isa = PBXBuildFile; fileRef = 239FE15C2C88B48800021908 /* TaskView.swift */; };
/* End PBXBuildFile section */

/* Begin PBXFileReference section */
		232A75082C90574600B56B70 /* TaskItem.xcdatamodel */ = {isa = PBXFileReference; lastKnownFileType = wrapper.xcdatamodel; path = TaskItem.xcdatamodel; sourceTree = "<group>"; };
		232A750A2C9057AE00B56B70 /* CoreDataManager.swift */ = {isa = PBXFileReference; lastKnownFileType = sourcecode.swift; path = CoreDataManager.swift; sourceTree = "<group>"; };
		232A750C2C90872E00B56B70 /* Model&DTO.swift */ = {isa = PBXFileReference; lastKnownFileType = sourcecode.swift; path = "Model&DTO.swift"; sourceTree = "<group>"; };
		232A750F2C9099F600B56B70 /* APIServices.swift */ = {isa = PBXFileReference; lastKnownFileType = sourcecode.swift; path = APIServices.swift; sourceTree = "<group>"; };
		2363C4702C8C61DD006B1A42 /* MainViewModel.swift */ = {isa = PBXFileReference; lastKnownFileType = sourcecode.swift; path = MainViewModel.swift; sourceTree = "<group>"; };
		239FE1382C872C9F00021908 /* Todos_EffectiveMobile.app */ = {isa = PBXFileReference; explicitFileType = wrapper.application; includeInIndex = 0; path = Todos_EffectiveMobile.app; sourceTree = BUILT_PRODUCTS_DIR; };
		239FE13B2C872C9F00021908 /* Todos_EffectiveMobileApp.swift */ = {isa = PBXFileReference; lastKnownFileType = sourcecode.swift; path = Todos_EffectiveMobileApp.swift; sourceTree = "<group>"; };
		239FE13D2C872C9F00021908 /* MainView.swift */ = {isa = PBXFileReference; lastKnownFileType = sourcecode.swift; path = MainView.swift; sourceTree = "<group>"; };
		239FE13F2C872CA100021908 /* Assets.xcassets */ = {isa = PBXFileReference; lastKnownFileType = folder.assetcatalog; path = Assets.xcassets; sourceTree = "<group>"; };
		239FE1422C872CA100021908 /* Preview Assets.xcassets */ = {isa = PBXFileReference; lastKnownFileType = folder.assetcatalog; path = "Preview Assets.xcassets"; sourceTree = "<group>"; };
		239FE1492C8733AB00021908 /* TaskStore.swift */ = {isa = PBXFileReference; lastKnownFileType = sourcecode.swift; path = TaskStore.swift; sourceTree = "<group>"; };
		239FE14B2C8778C600021908 /* HeaderView.swift */ = {isa = PBXFileReference; lastKnownFileType = sourcecode.swift; path = HeaderView.swift; sourceTree = "<group>"; };
		239FE14F2C884AD300021908 /* FilterTodoView.swift */ = {isa = PBXFileReference; lastKnownFileType = sourcecode.swift; path = FilterTodoView.swift; sourceTree = "<group>"; };
		239FE1512C8862DC00021908 /* TaskFormView.swift */ = {isa = PBXFileReference; lastKnownFileType = sourcecode.swift; path = TaskFormView.swift; sourceTree = "<group>"; };
		239FE1562C88B2BA00021908 /* EditTaskView.swift */ = {isa = PBXFileReference; lastKnownFileType = sourcecode.swift; path = EditTaskView.swift; sourceTree = "<group>"; };
		239FE1582C88B3A600021908 /* CreateNewTaskView.swift */ = {isa = PBXFileReference; lastKnownFileType = sourcecode.swift; path = CreateNewTaskView.swift; sourceTree = "<group>"; };
		239FE15C2C88B48800021908 /* TaskView.swift */ = {isa = PBXFileReference; lastKnownFileType = sourcecode.swift; path = TaskView.swift; sourceTree = "<group>"; };
/* End PBXFileReference section */

/* Begin PBXFrameworksBuildPhase section */
		239FE1352C872C9F00021908 /* Frameworks */ = {
			isa = PBXFrameworksBuildPhase;
			buildActionMask = 2147483647;
			files = (
			);
			runOnlyForDeploymentPostprocessing = 0;
		};
/* End PBXFrameworksBuildPhase section */

/* Begin PBXGroup section */
		232A75042C8F140800B56B70 /* Models */ = {
			isa = PBXGroup;
			children = (
				239FE1492C8733AB00021908 /* TaskStore.swift */,
				232A750C2C90872E00B56B70 /* Model&DTO.swift */,
				232A75072C90574600B56B70 /* TaskItem.xcdatamodeld */,
				232A750A2C9057AE00B56B70 /* CoreDataManager.swift */,
			);
			path = Models;
			sourceTree = "<group>";
		};
		232A750E2C90874A00B56B70 /* Network */ = {
			isa = PBXGroup;
			children = (
				232A750F2C9099F600B56B70 /* APIServices.swift */,
			);
			path = Network;
			sourceTree = "<group>";
		};
		239FE12F2C872C9F00021908 = {
			isa = PBXGroup;
			children = (
				239FE13A2C872C9F00021908 /* Todos_EffectiveMobile */,
				239FE1392C872C9F00021908 /* Products */,
			);
			sourceTree = "<group>";
		};
		239FE1392C872C9F00021908 /* Products */ = {
			isa = PBXGroup;
			children = (
				239FE1382C872C9F00021908 /* Todos_EffectiveMobile.app */,
			);
			name = Products;
			sourceTree = "<group>";
		};
		239FE13A2C872C9F00021908 /* Todos_EffectiveMobile */ = {
			isa = PBXGroup;
			children = (
				239FE13B2C872C9F00021908 /* Todos_EffectiveMobileApp.swift */,
				232A750E2C90874A00B56B70 /* Network */,
				239FE1532C886B9D00021908 /* Views */,
				23FBC37B2C8E057B00A5CB31 /* ViewModels */,
				232A75042C8F140800B56B70 /* Models */,
				239FE13F2C872CA100021908 /* Assets.xcassets */,
				239FE1412C872CA100021908 /* Preview Content */,
			);
			path = Todos_EffectiveMobile;
			sourceTree = "<group>";
		};
		239FE1412C872CA100021908 /* Preview Content */ = {
			isa = PBXGroup;
			children = (
				239FE1422C872CA100021908 /* Preview Assets.xcassets */,
			);
			path = "Preview Content";
			sourceTree = "<group>";
		};
		239FE1532C886B9D00021908 /* Views */ = {
			isa = PBXGroup;
			children = (
				239FE15A2C88B44900021908 /* TaskViews */,
				239FE15B2C88B46800021908 /* MainView */,
			);
			path = Views;
			sourceTree = "<group>";
		};
		239FE15A2C88B44900021908 /* TaskViews */ = {
			isa = PBXGroup;
			children = (
				239FE15C2C88B48800021908 /* TaskView.swift */,
				239FE1582C88B3A600021908 /* CreateNewTaskView.swift */,
				239FE1562C88B2BA00021908 /* EditTaskView.swift */,
				239FE1512C8862DC00021908 /* TaskFormView.swift */,
			);
			path = TaskViews;
			sourceTree = "<group>";
		};
		239FE15B2C88B46800021908 /* MainView */ = {
			isa = PBXGroup;
			children = (
				239FE13D2C872C9F00021908 /* MainView.swift */,
				239FE14F2C884AD300021908 /* FilterTodoView.swift */,
				239FE14B2C8778C600021908 /* HeaderView.swift */,
			);
			path = MainView;
			sourceTree = "<group>";
		};
		23FBC37B2C8E057B00A5CB31 /* ViewModels */ = {
			isa = PBXGroup;
			children = (
				2363C4702C8C61DD006B1A42 /* MainViewModel.swift */,
			);
			path = ViewModels;
			sourceTree = "<group>";
		};
/* End PBXGroup section */

/* Begin PBXNativeTarget section */
		239FE1372C872C9F00021908 /* Todos_EffectiveMobile */ = {
			isa = PBXNativeTarget;
			buildConfigurationList = 239FE1462C872CA100021908 /* Build configuration list for PBXNativeTarget "Todos_EffectiveMobile" */;
			buildPhases = (
				239FE1342C872C9F00021908 /* Sources */,
				239FE1352C872C9F00021908 /* Frameworks */,
				239FE1362C872C9F00021908 /* Resources */,
			);
			buildRules = (
			);
			dependencies = (
			);
			name = Todos_EffectiveMobile;
			productName = Todos_EffectiveMobile;
			productReference = 239FE1382C872C9F00021908 /* Todos_EffectiveMobile.app */;
			productType = "com.apple.product-type.application";
		};
/* End PBXNativeTarget section */

/* Begin PBXProject section */
		239FE1302C872C9F00021908 /* Project object */ = {
			isa = PBXProject;
			attributes = {
				BuildIndependentTargetsInParallel = 1;
				LastSwiftUpdateCheck = 1600;
				LastUpgradeCheck = 1600;
				TargetAttributes = {
					239FE1372C872C9F00021908 = {
						CreatedOnToolsVersion = 16.0;
					};
				};
			};
			buildConfigurationList = 239FE1332C872C9F00021908 /* Build configuration list for PBXProject "Todos_EffectiveMobile" */;
			compatibilityVersion = "Xcode 15.0";
			developmentRegion = en;
			hasScannedForEncodings = 0;
			knownRegions = (
				en,
				Base,
			);
			mainGroup = 239FE12F2C872C9F00021908;
			productRefGroup = 239FE1392C872C9F00021908 /* Products */;
			projectDirPath = "";
			projectRoot = "";
			targets = (
				239FE1372C872C9F00021908 /* Todos_EffectiveMobile */,
			);
		};
/* End PBXProject section */

/* Begin PBXResourcesBuildPhase section */
		239FE1362C872C9F00021908 /* Resources */ = {
			isa = PBXResourcesBuildPhase;
			buildActionMask = 2147483647;
			files = (
				239FE1432C872CA100021908 /* Preview Assets.xcassets in Resources */,
				239FE1402C872CA100021908 /* Assets.xcassets in Resources */,
			);
			runOnlyForDeploymentPostprocessing = 0;
		};
/* End PBXResourcesBuildPhase section */

/* Begin PBXSourcesBuildPhase section */
		239FE1342C872C9F00021908 /* Sources */ = {
			isa = PBXSourcesBuildPhase;
			buildActionMask = 2147483647;
			files = (
				232A75092C90574600B56B70 /* TaskItem.xcdatamodeld in Sources */,
				239FE15D2C88B48800021908 /* TaskView.swift in Sources */,
				239FE14A2C8733AB00021908 /* TaskStore.swift in Sources */,
				239FE13E2C872C9F00021908 /* MainView.swift in Sources */,
				239FE1522C8862DC00021908 /* TaskFormView.swift in Sources */,
				239FE1572C88B2BA00021908 /* EditTaskView.swift in Sources */,
				232A750D2C90872E00B56B70 /* Model&DTO.swift in Sources */,
				232A750B2C9057AE00B56B70 /* CoreDataManager.swift in Sources */,
				2363C4712C8C61DD006B1A42 /* MainViewModel.swift in Sources */,
				239FE1502C884AD300021908 /* FilterTodoView.swift in Sources */,
				239FE13C2C872C9F00021908 /* Todos_EffectiveMobileApp.swift in Sources */,
				239FE1592C88B3A600021908 /* CreateNewTaskView.swift in Sources */,
				232A75102C9099F600B56B70 /* APIServices.swift in Sources */,
				239FE14C2C8778C600021908 /* HeaderView.swift in Sources */,
			);
			runOnlyForDeploymentPostprocessing = 0;
		};
/* End PBXSourcesBuildPhase section */

/* Begin XCBuildConfiguration section */
		239FE1442C872CA100021908 /* Debug */ = {
			isa = XCBuildConfiguration;
			buildSettings = {
				ALWAYS_SEARCH_USER_PATHS = NO;
				ASSETCATALOG_COMPILER_GENERATE_SWIFT_ASSET_SYMBOL_EXTENSIONS = YES;
				CLANG_ANALYZER_NONNULL = YES;
				CLANG_ANALYZER_NUMBER_OBJECT_CONVERSION = YES_AGGRESSIVE;
				CLANG_CXX_LANGUAGE_STANDARD = "gnu++20";
				CLANG_ENABLE_MODULES = YES;
				CLANG_ENABLE_OBJC_ARC = YES;
				CLANG_ENABLE_OBJC_WEAK = YES;
				CLANG_WARN_BLOCK_CAPTURE_AUTORELEASING = YES;
				CLANG_WARN_BOOL_CONVERSION = YES;
				CLANG_WARN_COMMA = YES;
				CLANG_WARN_CONSTANT_CONVERSION = YES;
				CLANG_WARN_DEPRECATED_OBJC_IMPLEMENTATIONS = YES;
				CLANG_WARN_DIRECT_OBJC_ISA_USAGE = YES_ERROR;
				CLANG_WARN_DOCUMENTATION_COMMENTS = YES;
				CLANG_WARN_EMPTY_BODY = YES;
				CLANG_WARN_ENUM_CONVERSION = YES;
				CLANG_WARN_INFINITE_RECURSION = YES;
				CLANG_WARN_INT_CONVERSION = YES;
				CLANG_WARN_NON_LITERAL_NULL_CONVERSION = YES;
				CLANG_WARN_OBJC_IMPLICIT_RETAIN_SELF = YES;
				CLANG_WARN_OBJC_LITERAL_CONVERSION = YES;
				CLANG_WARN_OBJC_ROOT_CLASS = YES_ERROR;
				CLANG_WARN_QUOTED_INCLUDE_IN_FRAMEWORK_HEADER = YES;
				CLANG_WARN_RANGE_LOOP_ANALYSIS = YES;
				CLANG_WARN_STRICT_PROTOTYPES = YES;
				CLANG_WARN_SUSPICIOUS_MOVE = YES;
				CLANG_WARN_UNGUARDED_AVAILABILITY = YES_AGGRESSIVE;
				CLANG_WARN_UNREACHABLE_CODE = YES;
				CLANG_WARN__DUPLICATE_METHOD_MATCH = YES;
				COPY_PHASE_STRIP = NO;
				DEBUG_INFORMATION_FORMAT = dwarf;
				ENABLE_STRICT_OBJC_MSGSEND = YES;
				ENABLE_TESTABILITY = YES;
				ENABLE_USER_SCRIPT_SANDBOXING = YES;
				GCC_C_LANGUAGE_STANDARD = gnu17;
				GCC_DYNAMIC_NO_PIC = NO;
				GCC_NO_COMMON_BLOCKS = YES;
				GCC_OPTIMIZATION_LEVEL = 0;
				GCC_PREPROCESSOR_DEFINITIONS = (
					"DEBUG=1",
					"$(inherited)",
				);
				GCC_WARN_64_TO_32_BIT_CONVERSION = YES;
				GCC_WARN_ABOUT_RETURN_TYPE = YES_ERROR;
				GCC_WARN_UNDECLARED_SELECTOR = YES;
				GCC_WARN_UNINITIALIZED_AUTOS = YES_AGGRESSIVE;
				GCC_WARN_UNUSED_FUNCTION = YES;
				GCC_WARN_UNUSED_VARIABLE = YES;
				IPHONEOS_DEPLOYMENT_TARGET = 18.0;
				LOCALIZATION_PREFERS_STRING_CATALOGS = YES;
				MTL_ENABLE_DEBUG_INFO = INCLUDE_SOURCE;
				MTL_FAST_MATH = YES;
				ONLY_ACTIVE_ARCH = YES;
				SDKROOT = iphoneos;
				SWIFT_ACTIVE_COMPILATION_CONDITIONS = "DEBUG $(inherited)";
				SWIFT_OPTIMIZATION_LEVEL = "-Onone";
			};
			name = Debug;
		};
		239FE1452C872CA100021908 /* Release */ = {
			isa = XCBuildConfiguration;
			buildSettings = {
				ALWAYS_SEARCH_USER_PATHS = NO;
				ASSETCATALOG_COMPILER_GENERATE_SWIFT_ASSET_SYMBOL_EXTENSIONS = YES;
				CLANG_ANALYZER_NONNULL = YES;
				CLANG_ANALYZER_NUMBER_OBJECT_CONVERSION = YES_AGGRESSIVE;
				CLANG_CXX_LANGUAGE_STANDARD = "gnu++20";
				CLANG_ENABLE_MODULES = YES;
				CLANG_ENABLE_OBJC_ARC = YES;
				CLANG_ENABLE_OBJC_WEAK = YES;
				CLANG_WARN_BLOCK_CAPTURE_AUTORELEASING = YES;
				CLANG_WARN_BOOL_CONVERSION = YES;
				CLANG_WARN_COMMA = YES;
				CLANG_WARN_CONSTANT_CONVERSION = YES;
				CLANG_WARN_DEPRECATED_OBJC_IMPLEMENTATIONS = YES;
				CLANG_WARN_DIRECT_OBJC_ISA_USAGE = YES_ERROR;
				CLANG_WARN_DOCUMENTATION_COMMENTS = YES;
				CLANG_WARN_EMPTY_BODY = YES;
				CLANG_WARN_ENUM_CONVERSION = YES;
				CLANG_WARN_INFINITE_RECURSION = YES;
				CLANG_WARN_INT_CONVERSION = YES;
				CLANG_WARN_NON_LITERAL_NULL_CONVERSION = YES;
				CLANG_WARN_OBJC_IMPLICIT_RETAIN_SELF = YES;
				CLANG_WARN_OBJC_LITERAL_CONVERSION = YES;
				CLANG_WARN_OBJC_ROOT_CLASS = YES_ERROR;
				CLANG_WARN_QUOTED_INCLUDE_IN_FRAMEWORK_HEADER = YES;
				CLANG_WARN_RANGE_LOOP_ANALYSIS = YES;
				CLANG_WARN_STRICT_PROTOTYPES = YES;
				CLANG_WARN_SUSPICIOUS_MOVE = YES;
				CLANG_WARN_UNGUARDED_AVAILABILITY = YES_AGGRESSIVE;
				CLANG_WARN_UNREACHABLE_CODE = YES;
				CLANG_WARN__DUPLICATE_METHOD_MATCH = YES;
				COPY_PHASE_STRIP = NO;
				DEBUG_INFORMATION_FORMAT = "dwarf-with-dsym";
				ENABLE_NS_ASSERTIONS = NO;
				ENABLE_STRICT_OBJC_MSGSEND = YES;
				ENABLE_USER_SCRIPT_SANDBOXING = YES;
				GCC_C_LANGUAGE_STANDARD = gnu17;
				GCC_NO_COMMON_BLOCKS = YES;
				GCC_WARN_64_TO_32_BIT_CONVERSION = YES;
				GCC_WARN_ABOUT_RETURN_TYPE = YES_ERROR;
				GCC_WARN_UNDECLARED_SELECTOR = YES;
				GCC_WARN_UNINITIALIZED_AUTOS = YES_AGGRESSIVE;
				GCC_WARN_UNUSED_FUNCTION = YES;
				GCC_WARN_UNUSED_VARIABLE = YES;
				IPHONEOS_DEPLOYMENT_TARGET = 18.0;
				LOCALIZATION_PREFERS_STRING_CATALOGS = YES;
				MTL_ENABLE_DEBUG_INFO = NO;
				MTL_FAST_MATH = YES;
				SDKROOT = iphoneos;
				SWIFT_COMPILATION_MODE = wholemodule;
				VALIDATE_PRODUCT = YES;
			};
			name = Release;
		};
		239FE1472C872CA100021908 /* Debug */ = {
			isa = XCBuildConfiguration;
			buildSettings = {
				ASSETCATALOG_COMPILER_APPICON_NAME = AppIcon;
				ASSETCATALOG_COMPILER_GLOBAL_ACCENT_COLOR_NAME = AccentColor;
				CODE_SIGN_STYLE = Automatic;
				CURRENT_PROJECT_VERSION = 1;
				DEVELOPMENT_ASSET_PATHS = "\"Todos_EffectiveMobile/Preview Content\"";
				DEVELOPMENT_TEAM = 4RAF86LK9V;
				ENABLE_PREVIEWS = YES;
				GENERATE_INFOPLIST_FILE = YES;
				INFOPLIST_KEY_UIApplicationSceneManifest_Generation = YES;
				INFOPLIST_KEY_UIApplicationSupportsIndirectInputEvents = YES;
				INFOPLIST_KEY_UILaunchScreen_Generation = YES;
				INFOPLIST_KEY_UISupportedInterfaceOrientations_iPad = "UIInterfaceOrientationPortrait UIInterfaceOrientationPortraitUpsideDown UIInterfaceOrientationLandscapeLeft UIInterfaceOrientationLandscapeRight";
				INFOPLIST_KEY_UISupportedInterfaceOrientations_iPhone = "UIInterfaceOrientationPortrait UIInterfaceOrientationLandscapeLeft UIInterfaceOrientationLandscapeRight";
				LD_RUNPATH_SEARCH_PATHS = (
					"$(inherited)",
					"@executable_path/Frameworks",
				);
				MARKETING_VERSION = 1.0;
				PRODUCT_BUNDLE_IDENTIFIER = "com.yourcompany.FaceDetectionSystem.Todos-EffectiveMobile";
				PRODUCT_NAME = "$(TARGET_NAME)";
				SWIFT_EMIT_LOC_STRINGS = YES;
				SWIFT_VERSION = 5.0;
				TARGETED_DEVICE_FAMILY = "1,2";
			};
			name = Debug;
		};
		239FE1482C872CA100021908 /* Release */ = {
			isa = XCBuildConfiguration;
			buildSettings = {
				ASSETCATALOG_COMPILER_APPICON_NAME = AppIcon;
				ASSETCATALOG_COMPILER_GLOBAL_ACCENT_COLOR_NAME = AccentColor;
				CODE_SIGN_STYLE = Automatic;
				CURRENT_PROJECT_VERSION = 1;
				DEVELOPMENT_ASSET_PATHS = "\"Todos_EffectiveMobile/Preview Content\"";
				DEVELOPMENT_TEAM = 4RAF86LK9V;
				ENABLE_PREVIEWS = YES;
				GENERATE_INFOPLIST_FILE = YES;
				INFOPLIST_KEY_UIApplicationSceneManifest_Generation = YES;
				INFOPLIST_KEY_UIApplicationSupportsIndirectInputEvents = YES;
				INFOPLIST_KEY_UILaunchScreen_Generation = YES;
				INFOPLIST_KEY_UISupportedInterfaceOrientations_iPad = "UIInterfaceOrientationPortrait UIInterfaceOrientationPortraitUpsideDown UIInterfaceOrientationLandscapeLeft UIInterfaceOrientationLandscapeRight";
				INFOPLIST_KEY_UISupportedInterfaceOrientations_iPhone = "UIInterfaceOrientationPortrait UIInterfaceOrientationLandscapeLeft UIInterfaceOrientationLandscapeRight";
				LD_RUNPATH_SEARCH_PATHS = (
					"$(inherited)",
					"@executable_path/Frameworks",
				);
				MARKETING_VERSION = 1.0;
				PRODUCT_BUNDLE_IDENTIFIER = "com.yourcompany.FaceDetectionSystem.Todos-EffectiveMobile";
				PRODUCT_NAME = "$(TARGET_NAME)";
				SWIFT_EMIT_LOC_STRINGS = YES;
				SWIFT_VERSION = 5.0;
				TARGETED_DEVICE_FAMILY = "1,2";
			};
			name = Release;
		};
/* End XCBuildConfiguration section */

/* Begin XCConfigurationList section */
		239FE1332C872C9F00021908 /* Build configuration list for PBXProject "Todos_EffectiveMobile" */ = {
			isa = XCConfigurationList;
			buildConfigurations = (
				239FE1442C872CA100021908 /* Debug */,
				239FE1452C872CA100021908 /* Release */,
			);
			defaultConfigurationIsVisible = 0;
			defaultConfigurationName = Release;
		};
		239FE1462C872CA100021908 /* Build configuration list for PBXNativeTarget "Todos_EffectiveMobile" */ = {
			isa = XCConfigurationList;
			buildConfigurations = (
				239FE1472C872CA100021908 /* Debug */,
				239FE1482C872CA100021908 /* Release */,
			);
			defaultConfigurationIsVisible = 0;
			defaultConfigurationName = Release;
		};
/* End XCConfigurationList section */

/* Begin XCVersionGroup section */
		232A75072C90574600B56B70 /* TaskItem.xcdatamodeld */ = {
			isa = XCVersionGroup;
			children = (
				232A75082C90574600B56B70 /* TaskItem.xcdatamodel */,
			);
			currentVersion = 232A75082C90574600B56B70 /* TaskItem.xcdatamodel */;
			path = TaskItem.xcdatamodeld;
			sourceTree = "<group>";
			versionGroupType = wrapper.xcdatamodel;
		};
/* End XCVersionGroup section */
	};
	rootObject = 239FE1302C872C9F00021908 /* Project object */;
}
